# This file is automatically @generated by Wally.
# It is not intended for manual editing.
registry = "test"

[[package]]
name = "brittonfischer/spring"
version = "0.1.0"
dependencies = []

[[package]]
name = "howmanysmall/janitor"
version = "1.14.1"
dependencies = []

[[package]]
name = "nottirb/fusion-beta"
version = "0.1.3-beta"
dependencies = []

[[package]]
name = "nottirb/fusionextensions"
version = "0.1.0-beta"
dependencies = [["Fusion", "nottirb/fusion-beta@0.1.3-beta"], ["Janitor", "howmanysmall/janitor@1.14.1"], ["Oklab", "nottirb/oklab@1.0.0"], ["Spring", "brittonfischer/spring@0.1.0"]]

[[package]]
name = "nottirb/oklab"
version = "1.0.0"
dependencies = []
